
Microsoft Visual Studio Solution File, Format Version 12.00
# Visual Studio Version 16
VisualStudioVersion = 16.0.28803.352
MinimumVisualStudioVersion = 10.0.40219.1
Project("{9A19103F-16F7-4668-BE54-9A1E7A4F7556}") = "OTSSite", "OTSSite\OTSSite.csproj", "{9CF5BFE3-0B2E-4CAF-AE03-43267CFC54FC}"
EndProject
Project("{9A19103F-16F7-4668-BE54-9A1E7A4F7556}") = "UsefulExtensionMethods", "..\..\UsefulExtensionMethods\UsefulExtensionMethods\UsefulExtensionMethods\UsefulExtensionMethods.csproj", "{0ABD9873-489C-4E81-A129-47F61A011B12}"
EndProject
Project("{9A19103F-16F7-4668-BE54-9A1E7A4F7556}") = "OTSSiteMVC", "OTSSiteMVC\OTSSiteMVC.csproj", "{6AA52802-EB25-4A38-A0EC-678770303F86}"
EndProject
Project("{FAE04EC0-301F-11D3-BF4B-00C04F79EFBC}") = "TestImageServer", "TestImageServer\TestImageServer.csproj", "{78D6577C-2D32-4B1B-97DD-B2B0CB9C53AA}"
EndProject
Global
	GlobalSection(SolutionConfigurationPlatforms) = preSolution
		Debug|Any CPU = Debug|Any CPU
		Release|Any CPU = Release|Any CPU
	EndGlobalSection
	GlobalSection(ProjectConfigurationPlatforms) = postSolution
		{9CF5BFE3-0B2E-4CAF-AE03-43267CFC54FC}.Debug|Any CPU.ActiveCfg = Debug|Any CPU
		{9CF5BFE3-0B2E-4CAF-AE03-43267CFC54FC}.Debug|Any CPU.Build.0 = Debug|Any CPU
		{9CF5BFE3-0B2E-4CAF-AE03-43267CFC54FC}.Release|Any CPU.ActiveCfg = Release|Any CPU
		{9CF5BFE3-0B2E-4CAF-AE03-43267CFC54FC}.Release|Any CPU.Build.0 = Release|Any CPU
		{0ABD9873-489C-4E81-A129-47F61A011B12}.Debug|Any CPU.ActiveCfg = Debug|Any CPU
		{0ABD9873-489C-4E81-A129-47F61A011B12}.Debug|Any CPU.Build.0 = Debug|Any CPU
		{0ABD9873-489C-4E81-A129-47F61A011B12}.Release|Any CPU.ActiveCfg = Release|Any CPU
		{0ABD9873-489C-4E81-A129-47F61A011B12}.Release|Any CPU.Build.0 = Release|Any CPU
		{6AA52802-EB25-4A38-A0EC-678770303F86}.Debug|Any CPU.ActiveCfg = Debug|Any CPU
		{6AA52802-EB25-4A38-A0EC-678770303F86}.Debug|Any CPU.Build.0 = Debug|Any CPU
		{6AA52802-EB25-4A38-A0EC-678770303F86}.Release|Any CPU.ActiveCfg = Release|Any CPU
		{6AA52802-EB25-4A38-A0EC-678770303F86}.Release|Any CPU.Build.0 = Release|Any CPU
		{78D6577C-2D32-4B1B-97DD-B2B0CB9C53AA}.Debug|Any CPU.ActiveCfg = Debug|Any CPU
		{78D6577C-2D32-4B1B-97DD-B2B0CB9C53AA}.Debug|Any CPU.Build.0 = Debug|Any CPU
		{78D6577C-2D32-4B1B-97DD-B2B0CB9C53AA}.Release|Any CPU.ActiveCfg = Release|Any CPU
		{78D6577C-2D32-4B1B-97DD-B2B0CB9C53AA}.Release|Any CPU.Build.0 = Release|Any CPU
	EndGlobalSection
	GlobalSection(SolutionProperties) = preSolution
		HideSolutionNode = FALSE
	EndGlobalSection
	GlobalSection(ExtensibilityGlobals) = postSolution
		SolutionGuid = {0CAEC68C-C6B1-4E45-B043-5E62A38A1C06}
	EndGlobalSection
EndGlobal
