
Microsoft Visual Studio Solution File, Format Version 12.00
# Visual Studio 15
VisualStudioVersion = 15.0.28107.0
MinimumVisualStudioVersion = 10.0.40219.1
Project("{9A19103F-16F7-4668-BE54-9A1E7A4F7556}") = "OTSSite", "OTSSite\OTSSite.csproj", "{846FA182-2B88-45FF-A18D-321D21A6824C}"
EndProject
Global
	GlobalSection(SolutionConfigurationPlatforms) = preSolution
		Debug|Any CPU = Debug|Any CPU
		Release|Any CPU = Release|Any CPU
	EndGlobalSection
	GlobalSection(ProjectConfigurationPlatforms) = postSolution
		{846FA182-2B88-45FF-A18D-321D21A6824C}.Debug|Any CPU.ActiveCfg = Debug|Any CPU
		{846FA182-2B88-45FF-A18D-321D21A6824C}.Debug|Any CPU.Build.0 = Debug|Any CPU
		{846FA182-2B88-45FF-A18D-321D21A6824C}.Release|Any CPU.ActiveCfg = Release|Any CPU
		{846FA182-2B88-45FF-A18D-321D21A6824C}.Release|Any CPU.Build.0 = Release|Any CPU
	EndGlobalSection
	GlobalSection(SolutionProperties) = preSolution
		HideSolutionNode = FALSE
	EndGlobalSection
	GlobalSection(ExtensibilityGlobals) = postSolution
		SolutionGuid = {AC6C9C85-31BA-4DF5-A736-56D97CD3A7EB}
	EndGlobalSection
EndGlobal
